
Microsoft Visual Studio Solution File, Format Version 12.00
# Visual Studio Version 16
VisualStudioVersion = 16.0.29102.190
MinimumVisualStudioVersion = 10.0.40219.1
Project("{9A19103F-16F7-4668-BE54-9A1E7A4F7556}") = "Core", "VanEnkCore\Core.csproj", "{EF303A90-C5D6-4989-A64E-4444DAA37C8A}"
EndProject
Project("{9A19103F-16F7-4668-BE54-9A1E7A4F7556}") = "WebApi", "WebApi\WebApi.csproj", "{87BAEFF6-BAF3-4DF5-958D-0111D5A08243}"
EndProject
Global
	GlobalSection(SolutionConfigurationPlatforms) = preSolution
		Debug|Any CPU = Debug|Any CPU
		Release|Any CPU = Release|Any CPU
	EndGlobalSection
	GlobalSection(ProjectConfigurationPlatforms) = postSolution
		{EF303A90-C5D6-4989-A64E-4444DAA37C8A}.Debug|Any CPU.ActiveCfg = Debug|Any CPU
		{EF303A90-C5D6-4989-A64E-4444DAA37C8A}.Debug|Any CPU.Build.0 = Debug|Any CPU
		{EF303A90-C5D6-4989-A64E-4444DAA37C8A}.Release|Any CPU.ActiveCfg = Release|Any CPU
		{EF303A90-C5D6-4989-A64E-4444DAA37C8A}.Release|Any CPU.Build.0 = Release|Any CPU
		{87BAEFF6-BAF3-4DF5-958D-0111D5A08243}.Debug|Any CPU.ActiveCfg = Debug|Any CPU
		{87BAEFF6-BAF3-4DF5-958D-0111D5A08243}.Debug|Any CPU.Build.0 = Debug|Any CPU
		{87BAEFF6-BAF3-4DF5-958D-0111D5A08243}.Release|Any CPU.ActiveCfg = Release|Any CPU
		{87BAEFF6-BAF3-4DF5-958D-0111D5A08243}.Release|Any CPU.Build.0 = Release|Any CPU
	EndGlobalSection
	GlobalSection(SolutionProperties) = preSolution
		HideSolutionNode = FALSE
	EndGlobalSection
	GlobalSection(ExtensibilityGlobals) = postSolution
		SolutionGuid = {1C295FEA-FA00-48A2-BD69-51DCA2389A66}
	EndGlobalSection
EndGlobal
